{
  "originHash" : "3950f2cc47a8a951eb2bd9d33067694ddf8f8bc46fef9f26d91f6875ec9b1c9a",
  "pins" : [
    {
      "identity" : "swift-concurrency-extras",
      "kind" : "remoteSourceControl",
      "location" : "https://github.com/pointfreeco/swift-concurrency-extras",
      "state" : {
        "revision" : "5a3825302b1a0d744183200915a47b508c828e6f",
        "version" : "1.3.2"
      }
    }
  ],
  "version" : 3
}
